
Microsoft Visual Studio Solution File, Format Version 12.00
# Visual Studio Version 17
VisualStudioVersion = 17.7.34024.191
MinimumVisualStudioVersion = 10.0.40219.1
Project("{FAE04EC0-301F-11D3-BF4B-00C04F79EFBC}") = "ClassLogin", "ClassLogin.csproj", "{BD3FC37E-F774-46E9-A9B4-8EB7D6532352}"
EndProject
Project("{FAE04EC0-301F-11D3-BF4B-00C04F79EFBC}") = "SpecFlowProject1", "..\SpecFlowProject1\SpecFlowProject1.csproj", "{9CBEBD12-75F1-4EEA-8FCF-7DDB0164EBF3}"
EndProject
Global
	GlobalSection(SolutionConfigurationPlatforms) = preSolution
		Debug|Any CPU = Debug|Any CPU
		Release|Any CPU = Release|Any CPU
	EndGlobalSection
	GlobalSection(ProjectConfigurationPlatforms) = postSolution
		{BD3FC37E-F774-46E9-A9B4-8EB7D6532352}.Debug|Any CPU.ActiveCfg = Debug|Any CPU
		{BD3FC37E-F774-46E9-A9B4-8EB7D6532352}.Debug|Any CPU.Build.0 = Debug|Any CPU
		{BD3FC37E-F774-46E9-A9B4-8EB7D6532352}.Release|Any CPU.ActiveCfg = Release|Any CPU
		{BD3FC37E-F774-46E9-A9B4-8EB7D6532352}.Release|Any CPU.Build.0 = Release|Any CPU
		{9CBEBD12-75F1-4EEA-8FCF-7DDB0164EBF3}.Debug|Any CPU.ActiveCfg = Debug|Any CPU
		{9CBEBD12-75F1-4EEA-8FCF-7DDB0164EBF3}.Debug|Any CPU.Build.0 = Debug|Any CPU
		{9CBEBD12-75F1-4EEA-8FCF-7DDB0164EBF3}.Release|Any CPU.ActiveCfg = Release|Any CPU
		{9CBEBD12-75F1-4EEA-8FCF-7DDB0164EBF3}.Release|Any CPU.Build.0 = Release|Any CPU
	EndGlobalSection
	GlobalSection(SolutionProperties) = preSolution
		HideSolutionNode = FALSE
	EndGlobalSection
	GlobalSection(ExtensibilityGlobals) = postSolution
		SolutionGuid = {47EA0AD9-5314-4FC0-9C43-8053A402AA1B}
	EndGlobalSection
EndGlobal
